
Microsoft Visual Studio Solution File, Format Version 12.00
# Visual Studio Version 16
VisualStudioVersion = 16.0.31702.278
MinimumVisualStudioVersion = 10.0.40219.1
Project("{8BC9CEB8-8B4A-11D0-8D11-00A0C91BC942}") = "tutorial", "tutorial\tutorial.vcxproj", "{FDE2B3A9-0ECC-4726-BCDB-E0D32E26F239}"
EndProject
Global
	GlobalSection(SolutionConfigurationPlatforms) = preSolution
		Debug|x64 = Debug|x64
		Debug|x86 = Debug|x86
		Release|x64 = Release|x64
		Release|x86 = Release|x86
	EndGlobalSection
	GlobalSection(ProjectConfigurationPlatforms) = postSolution
		{FDE2B3A9-0ECC-4726-BCDB-E0D32E26F239}.Debug|x64.ActiveCfg = Debug|x64
		{FDE2B3A9-0ECC-4726-BCDB-E0D32E26F239}.Debug|x64.Build.0 = Debug|x64
		{FDE2B3A9-0ECC-4726-BCDB-E0D32E26F239}.Debug|x86.ActiveCfg = Debug|Win32
		{FDE2B3A9-0ECC-4726-BCDB-E0D32E26F239}.Debug|x86.Build.0 = Debug|Win32
		{FDE2B3A9-0ECC-4726-BCDB-E0D32E26F239}.Release|x64.ActiveCfg = Release|x64
		{FDE2B3A9-0ECC-4726-BCDB-E0D32E26F239}.Release|x64.Build.0 = Release|x64
		{FDE2B3A9-0ECC-4726-BCDB-E0D32E26F239}.Release|x86.ActiveCfg = Release|Win32
		{FDE2B3A9-0ECC-4726-BCDB-E0D32E26F239}.Release|x86.Build.0 = Release|Win32
	EndGlobalSection
	GlobalSection(SolutionProperties) = preSolution
		HideSolutionNode = FALSE
	EndGlobalSection
	GlobalSection(ExtensibilityGlobals) = postSolution
		SolutionGuid = {2BD16551-C98C-4B4D-8505-F92490B6382D}
	EndGlobalSection
EndGlobal
