
Microsoft Visual Studio Solution File, Format Version 12.00
# Visual Studio Version 16
VisualStudioVersion = 16.0.31702.278
MinimumVisualStudioVersion = 10.0.40219.1
Project("{8BC9CEB8-8B4A-11D0-8D11-00A0C91BC942}") = "HW1", "HW1\HW1.vcxproj", "{469E000E-D2C3-454A-AC6B-BB530C499038}"
EndProject
Global
	GlobalSection(SolutionConfigurationPlatforms) = preSolution
		Debug|x64 = Debug|x64
		Debug|x86 = Debug|x86
		Release|x64 = Release|x64
		Release|x86 = Release|x86
	EndGlobalSection
	GlobalSection(ProjectConfigurationPlatforms) = postSolution
		{469E000E-D2C3-454A-AC6B-BB530C499038}.Debug|x64.ActiveCfg = Debug|x64
		{469E000E-D2C3-454A-AC6B-BB530C499038}.Debug|x64.Build.0 = Debug|x64
		{469E000E-D2C3-454A-AC6B-BB530C499038}.Debug|x86.ActiveCfg = Debug|Win32
		{469E000E-D2C3-454A-AC6B-BB530C499038}.Debug|x86.Build.0 = Debug|Win32
		{469E000E-D2C3-454A-AC6B-BB530C499038}.Release|x64.ActiveCfg = Release|x64
		{469E000E-D2C3-454A-AC6B-BB530C499038}.Release|x64.Build.0 = Release|x64
		{469E000E-D2C3-454A-AC6B-BB530C499038}.Release|x86.ActiveCfg = Release|Win32
		{469E000E-D2C3-454A-AC6B-BB530C499038}.Release|x86.Build.0 = Release|Win32
	EndGlobalSection
	GlobalSection(SolutionProperties) = preSolution
		HideSolutionNode = FALSE
	EndGlobalSection
	GlobalSection(ExtensibilityGlobals) = postSolution
		SolutionGuid = {31877A62-F5B2-475B-866F-F0E83A434683}
	EndGlobalSection
EndGlobal
